// !$*UTF8*$!
{
	archiveVersion = 1;
	classes = {
	};
	objectVersion = 50;
	objects = {

/* Begin PBXBuildFile section */
		003B5DF42523022F00838F02 /* JCoreDataManager.swift in Sources */ = {isa = PBXBuildFile; fileRef = 003B5DF32523022F00838F02 /* JCoreDataManager.swift */; };
		003B5DF82523038200838F02 /* DatasaseModel.xcdatamodeld in Sources */ = {isa = PBXBuildFile; fileRef = 003B5DF62523038200838F02 /* DatasaseModel.xcdatamodeld */; };
		003B5DFC2523041F00838F02 /* JLoginUserMessage.swift in Sources */ = {isa = PBXBuildFile; fileRef = 003B5DFB2523041F00838F02 /* JLoginUserMessage.swift */; };
		003B5E092523083900838F02 /* JBaseDataModel.swift in Sources */ = {isa = PBXBuildFile; fileRef = 003B5E082523083900838F02 /* JBaseDataModel.swift */; };
		003B5E0D252310C100838F02 /* JAppUtility.swift in Sources */ = {isa = PBXBuildFile; fileRef = 003B5E0C252310C100838F02 /* JAppUtility.swift */; };
		003C8C952556C10500B44812 /* JMainPhotoPickerCell.swift in Sources */ = {isa = PBXBuildFile; fileRef = 003C8C942556C10500B44812 /* JMainPhotoPickerCell.swift */; };
		003C8C9A2556C13000B44812 /* JPhotoPickerInterface.swift in Sources */ = {isa = PBXBuildFile; fileRef = 003C8C992556C13000B44812 /* JPhotoPickerInterface.swift */; };
		003C8C9E2556C16D00B44812 /* JPhotoPickerVC.swift in Sources */ = {isa = PBXBuildFile; fileRef = 003C8C9D2556C16D00B44812 /* JPhotoPickerVC.swift */; };
		003C8CA22556C19100B44812 /* JPhotosPreviewsVC.swift in Sources */ = {isa = PBXBuildFile; fileRef = 003C8CA12556C19100B44812 /* JPhotosPreviewsVC.swift */; };
		003C8CA52556C1BD00B44812 /* JPhotosPreviewsCell.swift in Sources */ = {isa = PBXBuildFile; fileRef = 003C8CA42556C1BD00B44812 /* JPhotosPreviewsCell.swift */; };
		003C8CA82556C25100B44812 /* JPhotoPickerCell.swift in Sources */ = {isa = PBXBuildFile; fileRef = 003C8CA72556C25100B44812 /* JPhotoPickerCell.swift */; };
		003C8CAB2556C31E00B44812 /* JPhotoPickerModel.swift in Sources */ = {isa = PBXBuildFile; fileRef = 003C8CAA2556C31E00B44812 /* JPhotoPickerModel.swift */; };
		004EC28C2553871100FD8385 /* JCryptHelp.swift in Sources */ = {isa = PBXBuildFile; fileRef = 004EC28B2553871100FD8385 /* JCryptHelp.swift */; };
		004EC34A2553CB2500FD8385 /* ThreadsManager.swift in Sources */ = {isa = PBXBuildFile; fileRef = 004EC33A2553CB2500FD8385 /* ThreadsManager.swift */; };
		004EC34B2553CB2500FD8385 /* STXImageCache+ImageViewExtensions.swift in Sources */ = {isa = PBXBuildFile; fileRef = 004EC33B2553CB2500FD8385 /* STXImageCache+ImageViewExtensions.swift */; };
		004EC34C2553CB2500FD8385 /* StorageProvider.swift in Sources */ = {isa = PBXBuildFile; fileRef = 004EC33C2553CB2500FD8385 /* StorageProvider.swift */; };
		004EC34D2553CB2500FD8385 /* STXImageCache.swift in Sources */ = {isa = PBXBuildFile; fileRef = 004EC33D2553CB2500FD8385 /* STXImageCache.swift */; };
		004EC34E2553CB2500FD8385 /* ImageDownloader.swift in Sources */ = {isa = PBXBuildFile; fileRef = 004EC33E2553CB2500FD8385 /* ImageDownloader.swift */; };
		004EC34F2553CB2500FD8385 /* NetworkProvider.swift in Sources */ = {isa = PBXBuildFile; fileRef = 004EC33F2553CB2500FD8385 /* NetworkProvider.swift */; };
		004EC3502553CB2500FD8385 /* STXImageOperation.swift in Sources */ = {isa = PBXBuildFile; fileRef = 004EC3402553CB2500FD8385 /* STXImageOperation.swift */; };
		004EC3512553CB2500FD8385 /* Providing.swift in Sources */ = {isa = PBXBuildFile; fileRef = 004EC3412553CB2500FD8385 /* Providing.swift */; };
		004EC3532553CB2500FD8385 /* MemoryProvider.swift in Sources */ = {isa = PBXBuildFile; fileRef = 004EC3432553CB2500FD8385 /* MemoryProvider.swift */; };
		004EC3542553CB2500FD8385 /* Typealiases.swift in Sources */ = {isa = PBXBuildFile; fileRef = 004EC3442553CB2500FD8385 /* Typealiases.swift */; };
		004EC3552553CB2500FD8385 /* STXCacheManager.swift in Sources */ = {isa = PBXBuildFile; fileRef = 004EC3452553CB2500FD8385 /* STXCacheManager.swift */; };
		004EC3562553CB2500FD8385 /* STXMemoryCacheConfig.swift in Sources */ = {isa = PBXBuildFile; fileRef = 004EC3462553CB2500FD8385 /* STXMemoryCacheConfig.swift */; };
		004EC3572553CB2500FD8385 /* STXImageCache+UIButtonExtensions.swift in Sources */ = {isa = PBXBuildFile; fileRef = 004EC3472553CB2500FD8385 /* STXImageCache+UIButtonExtensions.swift */; };
		004EC3582553CB2500FD8385 /* Task.swift in Sources */ = {isa = PBXBuildFile; fileRef = 004EC3482553CB2500FD8385 /* Task.swift */; };
		004EC3592553CB2500FD8385 /* STXDiskCacheConfig.swift in Sources */ = {isa = PBXBuildFile; fileRef = 004EC3492553CB2500FD8385 /* STXDiskCacheConfig.swift */; };
		004EC3602553DE8400FD8385 /* JMainPhotoPickerVC.swift in Sources */ = {isa = PBXBuildFile; fileRef = 004EC35F2553DE8400FD8385 /* JMainPhotoPickerVC.swift */; };
		004EC3642553E3F600FD8385 /* JBaseTransition.swift in Sources */ = {isa = PBXBuildFile; fileRef = 004EC3632553E3F600FD8385 /* JBaseTransition.swift */; };
		007677722552807F00C226A2 /* JMoreTipView.swift in Sources */ = {isa = PBXBuildFile; fileRef = 007677712552807F00C226A2 /* JMoreTipView.swift */; };
		0076777625528C3D00C226A2 /* JSegmentedControl.swift in Sources */ = {isa = PBXBuildFile; fileRef = 0076777525528C3D00C226A2 /* JSegmentedControl.swift */; };
		0076777B2552A22700C226A2 /* segment_bg_icon@2x.png in Resources */ = {isa = PBXBuildFile; fileRef = 007677792552A22700C226A2 /* segment_bg_icon@2x.png */; };
		0076777C2552A22700C226A2 /* segment_selectbg_icon@2x.png in Resources */ = {isa = PBXBuildFile; fileRef = 0076777A2552A22700C226A2 /* segment_selectbg_icon@2x.png */; };
		00783A29255BAFA40011EA3D /* photo_sel_photoPickerVc@2x.png in Resources */ = {isa = PBXBuildFile; fileRef = 00783A23255BAFA40011EA3D /* photo_sel_photoPickerVc@2x.png */; };
		00783A2A255BAFA40011EA3D /* MMVideoPreviewPlay@2x.png in Resources */ = {isa = PBXBuildFile; fileRef = 00783A24255BAFA40011EA3D /* MMVideoPreviewPlay@2x.png */; };
		00783A2B255BAFA40011EA3D /* photo_original_sel@2x.png in Resources */ = {isa = PBXBuildFile; fileRef = 00783A25255BAFA40011EA3D /* photo_original_sel@2x.png */; };
		00783A2C255BAFA40011EA3D /* photo_def_photoPickerVc@2x.png in Resources */ = {isa = PBXBuildFile; fileRef = 00783A26255BAFA40011EA3D /* photo_def_photoPickerVc@2x.png */; };
		00783A2D255BAFA40011EA3D /* photo_original_def@2x.png in Resources */ = {isa = PBXBuildFile; fileRef = 00783A27255BAFA40011EA3D /* photo_original_def@2x.png */; };
		00783A2E255BAFA40011EA3D /* VideoSendIcon@2x.png in Resources */ = {isa = PBXBuildFile; fileRef = 00783A28255BAFA40011EA3D /* VideoSendIcon@2x.png */; };
		007D641825246FAC004C7FCE /* JBaseViewController.swift in Sources */ = {isa = PBXBuildFile; fileRef = 007D641725246FAC004C7FCE /* JBaseViewController.swift */; };
		007D641E25246FC7004C7FCE /* JBaseView.swift in Sources */ = {isa = PBXBuildFile; fileRef = 007D641D25246FC7004C7FCE /* JBaseView.swift */; };
		007DCF8C254BB6E000694F59 /* JProgressHUD.swift in Sources */ = {isa = PBXBuildFile; fileRef = 007DCF8B254BB6E000694F59 /* JProgressHUD.swift */; };
		007DCF91254BB72D00694F59 /* reloadProgress_center@3x.png in Resources */ = {isa = PBXBuildFile; fileRef = 007DCF8F254BB72D00694F59 /* reloadProgress_center@3x.png */; };
		007DCF92254BB72D00694F59 /* reloadProgress_route@3x.png in Resources */ = {isa = PBXBuildFile; fileRef = 007DCF90254BB72D00694F59 /* reloadProgress_route@3x.png */; };
		007DCFA8254C0C2700694F59 /* JBaseCollectionViewCell.swift in Sources */ = {isa = PBXBuildFile; fileRef = 007DCFA7254C0C2700694F59 /* JBaseCollectionViewCell.swift */; };
		007DCFAB254C0C4300694F59 /* JBaseTableViewCell.swift in Sources */ = {isa = PBXBuildFile; fileRef = 007DCFAA254C0C4300694F59 /* JBaseTableViewCell.swift */; };
		007DCFAE254C0C5B00694F59 /* JCollectionViewFlowLayout.swift in Sources */ = {isa = PBXBuildFile; fileRef = 007DCFAD254C0C5B00694F59 /* JCollectionViewFlowLayout.swift */; };
		007DCFB1254C0CC200694F59 /* JBaseCollectionVC.swift in Sources */ = {isa = PBXBuildFile; fileRef = 007DCFB0254C0CC200694F59 /* JBaseCollectionVC.swift */; };
		007DCFB4254C0CCE00694F59 /* JBaseImageViewVC.swift in Sources */ = {isa = PBXBuildFile; fileRef = 007DCFB3254C0CCE00694F59 /* JBaseImageViewVC.swift */; };
		007DCFB7254C0CDA00694F59 /* JBaseNavigationVC.swift in Sources */ = {isa = PBXBuildFile; fileRef = 007DCFB6254C0CD900694F59 /* JBaseNavigationVC.swift */; };
		007DCFBA254C0CE400694F59 /* JBasePoperVC.swift in Sources */ = {isa = PBXBuildFile; fileRef = 007DCFB9254C0CE400694F59 /* JBasePoperVC.swift */; };
		007DCFBD254C0CF200694F59 /* JBaseTableViewVC.swift in Sources */ = {isa = PBXBuildFile; fileRef = 007DCFBC254C0CF200694F59 /* JBaseTableViewVC.swift */; };
		007DCFC0254C0D0C00694F59 /* JBaseInterfaceManager.swift in Sources */ = {isa = PBXBuildFile; fileRef = 007DCFBF254C0D0C00694F59 /* JBaseInterfaceManager.swift */; };
		007DCFC3254C0D1700694F59 /* JTableDataArrModel.swift in Sources */ = {isa = PBXBuildFile; fileRef = 007DCFC2254C0D1700694F59 /* JTableDataArrModel.swift */; };
		007DCFC7254C0D3D00694F59 /* JWhenTappedView.swift in Sources */ = {isa = PBXBuildFile; fileRef = 007DCFC6254C0D3D00694F59 /* JWhenTappedView.swift */; };
		007F657C255240CC00194FD6 /* JRefreshView.swift in Sources */ = {isa = PBXBuildFile; fileRef = 007F657B255240CC00194FD6 /* JRefreshView.swift */; };
		007F6580255240D800194FD6 /* reloading_fresh@2x.png in Resources */ = {isa = PBXBuildFile; fileRef = 007F657F255240D800194FD6 /* reloading_fresh@2x.png */; };
		00861340255037D400183E12 /* JHttpReqHelp+Model.swift in Sources */ = {isa = PBXBuildFile; fileRef = 0086133F255037D400183E12 /* JHttpReqHelp+Model.swift */; };
		00EA79FB2531B609008DECA9 /* JAppViewTools.swift in Sources */ = {isa = PBXBuildFile; fileRef = 00EA79FA2531B609008DECA9 /* JAppViewTools.swift */; };
		00EA79FE2531B62B008DECA9 /* JAppViewExtend.swift in Sources */ = {isa = PBXBuildFile; fileRef = 00EA79FD2531B62B008DECA9 /* JAppViewExtend.swift */; };
		00EB3AB1255D01AC00CB6E5B /* JQRScanCodeVC.swift in Sources */ = {isa = PBXBuildFile; fileRef = 00EB3AB0255D01AC00CB6E5B /* JQRScanCodeVC.swift */; };
		00EB3AB4255D01D000CB6E5B /* JQRCodeTool.swift in Sources */ = {isa = PBXBuildFile; fileRef = 00EB3AB3255D01D000CB6E5B /* JQRCodeTool.swift */; };
		00EB3ACB255D29F900CB6E5B /* ZR_ScanLine@3x.png in Resources */ = {isa = PBXBuildFile; fileRef = 00EB3AC9255D29F900CB6E5B /* ZR_ScanLine@3x.png */; };
		00EB3ACC255D29F900CB6E5B /* ZR_ScanFrame@3x.png in Resources */ = {isa = PBXBuildFile; fileRef = 00EB3ACA255D29F900CB6E5B /* ZR_ScanFrame@3x.png */; };
		00EBA966254E661D00728657 /* JHttpReqHelp.swift in Sources */ = {isa = PBXBuildFile; fileRef = 00EBA965254E661D00728657 /* JHttpReqHelp.swift */; };
		00EF74EA2549704100194F0B /* config.plist in Resources */ = {isa = PBXBuildFile; fileRef = 00EF74E92549704100194F0B /* config.plist */; };
		00EFADDA251ED32800EB1B60 /* AppDelegate.swift in Sources */ = {isa = PBXBuildFile; fileRef = 00EFADD9251ED32800EB1B60 /* AppDelegate.swift */; };
		00EFADE1251ED32800EB1B60 /* Main.storyboard in Resources */ = {isa = PBXBuildFile; fileRef = 00EFADDF251ED32800EB1B60 /* Main.storyboard */; };
		00EFADE3251ED32B00EB1B60 /* Assets.xcassets in Resources */ = {isa = PBXBuildFile; fileRef = 00EFADE2251ED32B00EB1B60 /* Assets.xcassets */; };
		00EFADE6251ED32B00EB1B60 /* LaunchScreen.storyboard in Resources */ = {isa = PBXBuildFile; fileRef = 00EFADE4251ED32B00EB1B60 /* LaunchScreen.storyboard */; };
		00EFADF2251ED36B00EB1B60 /* SceneDelegate.swift in Sources */ = {isa = PBXBuildFile; fileRef = 00EFADEF251ED36A00EB1B60 /* SceneDelegate.swift */; };
		00EFADF3251ED36B00EB1B60 /* AppDelegate+Config.swift in Sources */ = {isa = PBXBuildFile; fileRef = 00EFADF0251ED36B00EB1B60 /* AppDelegate+Config.swift */; };
		00EFADF4251ED36B00EB1B60 /* AppDelegate+Notifaction.swift in Sources */ = {isa = PBXBuildFile; fileRef = 00EFADF1251ED36B00EB1B60 /* AppDelegate+Notifaction.swift */; };
		00EFADF8251ED38100EB1B60 /* JConstantHelp.swift in Sources */ = {isa = PBXBuildFile; fileRef = 00EFADF6251ED38100EB1B60 /* JConstantHelp.swift */; };
		00EFADF9251ED38100EB1B60 /* JBuildConfig.swift in Sources */ = {isa = PBXBuildFile; fileRef = 00EFADF7251ED38100EB1B60 /* JBuildConfig.swift */; };
		00EFADFB251ED3A600EB1B60 /* JMainViewController.swift in Sources */ = {isa = PBXBuildFile; fileRef = 00EFADFA251ED3A500EB1B60 /* JMainViewController.swift */; };
		00EFAE00251ED4F500EB1B60 /* Reachability.swift in Sources */ = {isa = PBXBuildFile; fileRef = 00EFADFF251ED4F500EB1B60 /* Reachability.swift */; };
/* End PBXBuildFile section */

/* Begin PBXFileReference section */
		003B5DF32523022F00838F02 /* JCoreDataManager.swift */ = {isa = PBXFileReference; fileEncoding = 4; lastKnownFileType = sourcecode.swift; path = JCoreDataManager.swift; sourceTree = "<group>"; };
		003B5DF72523038200838F02 /* DatasaseModel.xcdatamodel */ = {isa = PBXFileReference; lastKnownFileType = wrapper.xcdatamodel; path = DatasaseModel.xcdatamodel; sourceTree = "<group>"; };
		003B5DFB2523041F00838F02 /* JLoginUserMessage.swift */ = {isa = PBXFileReference; lastKnownFileType = sourcecode.swift; path = JLoginUserMessage.swift; sourceTree = "<group>"; };
		003B5E082523083900838F02 /* JBaseDataModel.swift */ = {isa = PBXFileReference; lastKnownFileType = sourcecode.swift; path = JBaseDataModel.swift; sourceTree = "<group>"; };
		003B5E0C252310C100838F02 /* JAppUtility.swift */ = {isa = PBXFileReference; lastKnownFileType = sourcecode.swift; path = JAppUtility.swift; sourceTree = "<group>"; };
		003C8C9125563D4D00B44812 /* Podfile */ = {isa = PBXFileReference; lastKnownFileType = text; path = Podfile; sourceTree = SOURCE_ROOT; };
		003C8C942556C10500B44812 /* JMainPhotoPickerCell.swift */ = {isa = PBXFileReference; lastKnownFileType = sourcecode.swift; path = JMainPhotoPickerCell.swift; sourceTree = "<group>"; };
		003C8C992556C13000B44812 /* JPhotoPickerInterface.swift */ = {isa = PBXFileReference; lastKnownFileType = sourcecode.swift; path = JPhotoPickerInterface.swift; sourceTree = "<group>"; };
		003C8C9D2556C16D00B44812 /* JPhotoPickerVC.swift */ = {isa = PBXFileReference; lastKnownFileType = sourcecode.swift; path = JPhotoPickerVC.swift; sourceTree = "<group>"; };
		003C8CA12556C19100B44812 /* JPhotosPreviewsVC.swift */ = {isa = PBXFileReference; lastKnownFileType = sourcecode.swift; path = JPhotosPreviewsVC.swift; sourceTree = "<group>"; };
		003C8CA42556C1BD00B44812 /* JPhotosPreviewsCell.swift */ = {isa = PBXFileReference; lastKnownFileType = sourcecode.swift; path = JPhotosPreviewsCell.swift; sourceTree = "<group>"; };
		003C8CA72556C25100B44812 /* JPhotoPickerCell.swift */ = {isa = PBXFileReference; lastKnownFileType = sourcecode.swift; path = JPhotoPickerCell.swift; sourceTree = "<group>"; };
		003C8CAA2556C31E00B44812 /* JPhotoPickerModel.swift */ = {isa = PBXFileReference; lastKnownFileType = sourcecode.swift; path = JPhotoPickerModel.swift; sourceTree = "<group>"; };
		004EC28B2553871100FD8385 /* JCryptHelp.swift */ = {isa = PBXFileReference; fileEncoding = 4; lastKnownFileType = sourcecode.swift; path = JCryptHelp.swift; sourceTree = "<group>"; };
		004EC33A2553CB2500FD8385 /* ThreadsManager.swift */ = {isa = PBXFileReference; fileEncoding = 4; lastKnownFileType = sourcecode.swift; path = ThreadsManager.swift; sourceTree = "<group>"; };
		004EC33B2553CB2500FD8385 /* STXImageCache+ImageViewExtensions.swift */ = {isa = PBXFileReference; fileEncoding = 4; lastKnownFileType = sourcecode.swift; path = "STXImageCache+ImageViewExtensions.swift"; sourceTree = "<group>"; };
		004EC33C2553CB2500FD8385 /* StorageProvider.swift */ = {isa = PBXFileReference; fileEncoding = 4; lastKnownFileType = sourcecode.swift; path = StorageProvider.swift; sourceTree = "<group>"; };
		004EC33D2553CB2500FD8385 /* STXImageCache.swift */ = {isa = PBXFileReference; fileEncoding = 4; lastKnownFileType = sourcecode.swift; path = STXImageCache.swift; sourceTree = "<group>"; };
		004EC33E2553CB2500FD8385 /* ImageDownloader.swift */ = {isa = PBXFileReference; fileEncoding = 4; lastKnownFileType = sourcecode.swift; path = ImageDownloader.swift; sourceTree = "<group>"; };
		004EC33F2553CB2500FD8385 /* NetworkProvider.swift */ = {isa = PBXFileReference; fileEncoding = 4; lastKnownFileType = sourcecode.swift; path = NetworkProvider.swift; sourceTree = "<group>"; };
		004EC3402553CB2500FD8385 /* STXImageOperation.swift */ = {isa = PBXFileReference; fileEncoding = 4; lastKnownFileType = sourcecode.swift; path = STXImageOperation.swift; sourceTree = "<group>"; };
		004EC3412553CB2500FD8385 /* Providing.swift */ = {isa = PBXFileReference; fileEncoding = 4; lastKnownFileType = sourcecode.swift; path = Providing.swift; sourceTree = "<group>"; };
		004EC3432553CB2500FD8385 /* MemoryProvider.swift */ = {isa = PBXFileReference; fileEncoding = 4; lastKnownFileType = sourcecode.swift; path = MemoryProvider.swift; sourceTree = "<group>"; };
		004EC3442553CB2500FD8385 /* Typealiases.swift */ = {isa = PBXFileReference; fileEncoding = 4; lastKnownFileType = sourcecode.swift; path = Typealiases.swift; sourceTree = "<group>"; };
		004EC3452553CB2500FD8385 /* STXCacheManager.swift */ = {isa = PBXFileReference; fileEncoding = 4; lastKnownFileType = sourcecode.swift; path = STXCacheManager.swift; sourceTree = "<group>"; };
		004EC3462553CB2500FD8385 /* STXMemoryCacheConfig.swift */ = {isa = PBXFileReference; fileEncoding = 4; lastKnownFileType = sourcecode.swift; path = STXMemoryCacheConfig.swift; sourceTree = "<group>"; };
		004EC3472553CB2500FD8385 /* STXImageCache+UIButtonExtensions.swift */ = {isa = PBXFileReference; fileEncoding = 4; lastKnownFileType = sourcecode.swift; path = "STXImageCache+UIButtonExtensions.swift"; sourceTree = "<group>"; };
		004EC3482553CB2500FD8385 /* Task.swift */ = {isa = PBXFileReference; fileEncoding = 4; lastKnownFileType = sourcecode.swift; path = Task.swift; sourceTree = "<group>"; };
		004EC3492553CB2500FD8385 /* STXDiskCacheConfig.swift */ = {isa = PBXFileReference; fileEncoding = 4; lastKnownFileType = sourcecode.swift; path = STXDiskCacheConfig.swift; sourceTree = "<group>"; };
		004EC35F2553DE8400FD8385 /* JMainPhotoPickerVC.swift */ = {isa = PBXFileReference; lastKnownFileType = sourcecode.swift; path = JMainPhotoPickerVC.swift; sourceTree = "<group>"; };
		004EC3632553E3F600FD8385 /* JBaseTransition.swift */ = {isa = PBXFileReference; lastKnownFileType = sourcecode.swift; path = JBaseTransition.swift; sourceTree = "<group>"; };
		007677712552807F00C226A2 /* JMoreTipView.swift */ = {isa = PBXFileReference; lastKnownFileType = sourcecode.swift; path = JMoreTipView.swift; sourceTree = "<group>"; };
		0076777525528C3D00C226A2 /* JSegmentedControl.swift */ = {isa = PBXFileReference; lastKnownFileType = sourcecode.swift; path = JSegmentedControl.swift; sourceTree = "<group>"; };
		007677792552A22700C226A2 /* segment_bg_icon@2x.png */ = {isa = PBXFileReference; lastKnownFileType = image.png; name = "segment_bg_icon@2x.png"; path = "../../../../DevelopArchitecture/DevelopArchitecture/threeclass/JSegmentedControl/segment_bg_icon@2x.png"; sourceTree = "<group>"; };
		0076777A2552A22700C226A2 /* segment_selectbg_icon@2x.png */ = {isa = PBXFileReference; lastKnownFileType = image.png; name = "segment_selectbg_icon@2x.png"; path = "../../../../DevelopArchitecture/DevelopArchitecture/threeclass/JSegmentedControl/segment_selectbg_icon@2x.png"; sourceTree = "<group>"; };
		00783A23255BAFA40011EA3D /* photo_sel_photoPickerVc@2x.png */ = {isa = PBXFileReference; lastKnownFileType = image.png; path = "photo_sel_photoPickerVc@2x.png"; sourceTree = "<group>"; };
		00783A24255BAFA40011EA3D /* MMVideoPreviewPlay@2x.png */ = {isa = PBXFileReference; lastKnownFileType = image.png; path = "MMVideoPreviewPlay@2x.png"; sourceTree = "<group>"; };
		00783A25255BAFA40011EA3D /* photo_original_sel@2x.png */ = {isa = PBXFileReference; lastKnownFileType = image.png; path = "photo_original_sel@2x.png"; sourceTree = "<group>"; };
		00783A26255BAFA40011EA3D /* photo_def_photoPickerVc@2x.png */ = {isa = PBXFileReference; lastKnownFileType = image.png; path = "photo_def_photoPickerVc@2x.png"; sourceTree = "<group>"; };
		00783A27255BAFA40011EA3D /* photo_original_def@2x.png */ = {isa = PBXFileReference; lastKnownFileType = image.png; path = "photo_original_def@2x.png"; sourceTree = "<group>"; };
		00783A28255BAFA40011EA3D /* VideoSendIcon@2x.png */ = {isa = PBXFileReference; lastKnownFileType = image.png; path = "VideoSendIcon@2x.png"; sourceTree = "<group>"; };
		007D641725246FAC004C7FCE /* JBaseViewController.swift */ = {isa = PBXFileReference; lastKnownFileType = sourcecode.swift; path = JBaseViewController.swift; sourceTree = "<group>"; };
		007D641D25246FC7004C7FCE /* JBaseView.swift */ = {isa = PBXFileReference; lastKnownFileType = sourcecode.swift; path = JBaseView.swift; sourceTree = "<group>"; };
		007DCF8B254BB6E000694F59 /* JProgressHUD.swift */ = {isa = PBXFileReference; lastKnownFileType = sourcecode.swift; path = JProgressHUD.swift; sourceTree = "<group>"; };
		007DCF8F254BB72D00694F59 /* reloadProgress_center@3x.png */ = {isa = PBXFileReference; lastKnownFileType = image.png; name = "reloadProgress_center@3x.png"; path = "../../../../DevelopArchitecture/DevelopArchitecture/threeclass/JProgressHUD/reloadProgress_center@3x.png"; sourceTree = "<group>"; };
		007DCF90254BB72D00694F59 /* reloadProgress_route@3x.png */ = {isa = PBXFileReference; lastKnownFileType = image.png; name = "reloadProgress_route@3x.png"; path = "../../../../DevelopArchitecture/DevelopArchitecture/threeclass/JProgressHUD/reloadProgress_route@3x.png"; sourceTree = "<group>"; };
		007DCFA7254C0C2700694F59 /* JBaseCollectionViewCell.swift */ = {isa = PBXFileReference; lastKnownFileType = sourcecode.swift; path = JBaseCollectionViewCell.swift; sourceTree = "<group>"; };
		007DCFAA254C0C4300694F59 /* JBaseTableViewCell.swift */ = {isa = PBXFileReference; lastKnownFileType = sourcecode.swift; path = JBaseTableViewCell.swift; sourceTree = "<group>"; };
		007DCFAD254C0C5B00694F59 /* JCollectionViewFlowLayout.swift */ = {isa = PBXFileReference; lastKnownFileType = sourcecode.swift; path = JCollectionViewFlowLayout.swift; sourceTree = "<group>"; };
		007DCFB0254C0CC200694F59 /* JBaseCollectionVC.swift */ = {isa = PBXFileReference; lastKnownFileType = sourcecode.swift; path = JBaseCollectionVC.swift; sourceTree = "<group>"; };
		007DCFB3254C0CCE00694F59 /* JBaseImageViewVC.swift */ = {isa = PBXFileReference; lastKnownFileType = sourcecode.swift; path = JBaseImageViewVC.swift; sourceTree = "<group>"; };
		007DCFB6254C0CD900694F59 /* JBaseNavigationVC.swift */ = {isa = PBXFileReference; lastKnownFileType = sourcecode.swift; path = JBaseNavigationVC.swift; sourceTree = "<group>"; };
		007DCFB9254C0CE400694F59 /* JBasePoperVC.swift */ = {isa = PBXFileReference; lastKnownFileType = sourcecode.swift; path = JBasePoperVC.swift; sourceTree = "<group>"; };
		007DCFBC254C0CF200694F59 /* JBaseTableViewVC.swift */ = {isa = PBXFileReference; lastKnownFileType = sourcecode.swift; path = JBaseTableViewVC.swift; sourceTree = "<group>"; };
		007DCFBF254C0D0C00694F59 /* JBaseInterfaceManager.swift */ = {isa = PBXFileReference; lastKnownFileType = sourcecode.swift; path = JBaseInterfaceManager.swift; sourceTree = "<group>"; };
		007DCFC2254C0D1700694F59 /* JTableDataArrModel.swift */ = {isa = PBXFileReference; lastKnownFileType = sourcecode.swift; path = JTableDataArrModel.swift; sourceTree = "<group>"; };
		007DCFC6254C0D3D00694F59 /* JWhenTappedView.swift */ = {isa = PBXFileReference; lastKnownFileType = sourcecode.swift; path = JWhenTappedView.swift; sourceTree = "<group>"; };
		007F657B255240CC00194FD6 /* JRefreshView.swift */ = {isa = PBXFileReference; lastKnownFileType = sourcecode.swift; path = JRefreshView.swift; sourceTree = "<group>"; };
		007F657F255240D800194FD6 /* reloading_fresh@2x.png */ = {isa = PBXFileReference; lastKnownFileType = image.png; name = "reloading_fresh@2x.png"; path = "../../../../DevelopArchitecture/DevelopArchitecture/threeclass/Refreshview/reloading_fresh@2x.png"; sourceTree = "<group>"; };
		0086133F255037D400183E12 /* JHttpReqHelp+Model.swift */ = {isa = PBXFileReference; lastKnownFileType = sourcecode.swift; path = "JHttpReqHelp+Model.swift"; sourceTree = "<group>"; };
		00EA79FA2531B609008DECA9 /* JAppViewTools.swift */ = {isa = PBXFileReference; lastKnownFileType = sourcecode.swift; path = JAppViewTools.swift; sourceTree = "<group>"; };
		00EA79FD2531B62B008DECA9 /* JAppViewExtend.swift */ = {isa = PBXFileReference; lastKnownFileType = sourcecode.swift; path = JAppViewExtend.swift; sourceTree = "<group>"; };
		00EB3AB0255D01AC00CB6E5B /* JQRScanCodeVC.swift */ = {isa = PBXFileReference; lastKnownFileType = sourcecode.swift; path = JQRScanCodeVC.swift; sourceTree = "<group>"; };
		00EB3AB3255D01D000CB6E5B /* JQRCodeTool.swift */ = {isa = PBXFileReference; lastKnownFileType = sourcecode.swift; path = JQRCodeTool.swift; sourceTree = "<group>"; };
		00EB3AC9255D29F900CB6E5B /* ZR_ScanLine@3x.png */ = {isa = PBXFileReference; lastKnownFileType = image.png; name = "ZR_ScanLine@3x.png"; path = "../../../../DevelopArchitecture/DevelopArchitecture/threeclass/QRCodeViewController/ZR_ScanLine@3x.png"; sourceTree = "<group>"; };
		00EB3ACA255D29F900CB6E5B /* ZR_ScanFrame@3x.png */ = {isa = PBXFileReference; lastKnownFileType = image.png; name = "ZR_ScanFrame@3x.png"; path = "../../../../DevelopArchitecture/DevelopArchitecture/threeclass/QRCodeViewController/ZR_ScanFrame@3x.png"; sourceTree = "<group>"; };
		00EBA965254E661D00728657 /* JHttpReqHelp.swift */ = {isa = PBXFileReference; lastKnownFileType = sourcecode.swift; path = JHttpReqHelp.swift; sourceTree = "<group>"; };
		00EF74E92549704100194F0B /* config.plist */ = {isa = PBXFileReference; fileEncoding = 4; lastKnownFileType = text.plist.xml; path = config.plist; sourceTree = "<group>"; };
		00EFADD6251ED32800EB1B60 /* DeveloperArchitecture.app */ = {isa = PBXFileReference; explicitFileType = wrapper.application; includeInIndex = 0; path = DeveloperArchitecture.app; sourceTree = BUILT_PRODUCTS_DIR; };
		00EFADD9251ED32800EB1B60 /* AppDelegate.swift */ = {isa = PBXFileReference; lastKnownFileType = sourcecode.swift; path = AppDelegate.swift; sourceTree = "<group>"; };
		00EFADE0251ED32800EB1B60 /* Base */ = {isa = PBXFileReference; lastKnownFileType = file.storyboard; name = Base; path = Base.lproj/Main.storyboard; sourceTree = "<group>"; };
		00EFADE2251ED32B00EB1B60 /* Assets.xcassets */ = {isa = PBXFileReference; lastKnownFileType = folder.assetcatalog; path = Assets.xcassets; sourceTree = "<group>"; };
		00EFADE5251ED32B00EB1B60 /* Base */ = {isa = PBXFileReference; lastKnownFileType = file.storyboard; name = Base; path = Base.lproj/LaunchScreen.storyboard; sourceTree = "<group>"; };
		00EFADE7251ED32B00EB1B60 /* Info.plist */ = {isa = PBXFileReference; lastKnownFileType = text.plist.xml; path = Info.plist; sourceTree = "<group>"; };
		00EFADEF251ED36A00EB1B60 /* SceneDelegate.swift */ = {isa = PBXFileReference; fileEncoding = 4; lastKnownFileType = sourcecode.swift; path = SceneDelegate.swift; sourceTree = "<group>"; };
		00EFADF0251ED36B00EB1B60 /* AppDelegate+Config.swift */ = {isa = PBXFileReference; fileEncoding = 4; lastKnownFileType = sourcecode.swift; path = "AppDelegate+Config.swift"; sourceTree = "<group>"; };
		00EFADF1251ED36B00EB1B60 /* AppDelegate+Notifaction.swift */ = {isa = PBXFileReference; fileEncoding = 4; lastKnownFileType = sourcecode.swift; path = "AppDelegate+Notifaction.swift"; sourceTree = "<group>"; };
		00EFADF6251ED38100EB1B60 /* JConstantHelp.swift */ = {isa = PBXFileReference; fileEncoding = 4; lastKnownFileType = sourcecode.swift; path = JConstantHelp.swift; sourceTree = "<group>"; };
		00EFADF7251ED38100EB1B60 /* JBuildConfig.swift */ = {isa = PBXFileReference; fileEncoding = 4; lastKnownFileType = sourcecode.swift; path = JBuildConfig.swift; sourceTree = "<group>"; };
		00EFADFA251ED3A500EB1B60 /* JMainViewController.swift */ = {isa = PBXFileReference; fileEncoding = 4; lastKnownFileType = sourcecode.swift; path = JMainViewController.swift; sourceTree = "<group>"; };
		00EFADFF251ED4F500EB1B60 /* Reachability.swift */ = {isa = PBXFileReference; fileEncoding = 4; lastKnownFileType = sourcecode.swift; path = Reachability.swift; sourceTree = "<group>"; };
/* End PBXFileReference section */

/* Begin PBXFrameworksBuildPhase section */
		00EFADD3251ED32800EB1B60 /* Frameworks */ = {
			isa = PBXFrameworksBuildPhase;
			buildActionMask = 2147483647;
			files = (
			);
			runOnlyForDeploymentPostprocessing = 0;
		};
/* End PBXFrameworksBuildPhase section */

/* Begin PBXGroup section */
		003B5DF22523022700838F02 /* coreDate */ = {
			isa = PBXGroup;
			children = (
				003B5DF32523022F00838F02 /* JCoreDataManager.swift */,
			);
			path = coreDate;
			sourceTree = "<group>";
		};
		003B5DFA252303C400838F02 /* loginitem */ = {
			isa = PBXGroup;
			children = (
				003B5DFB2523041F00838F02 /* JLoginUserMessage.swift */,
			);
			path = loginitem;
			sourceTree = "<group>";
		};
		003B5E072523082200838F02 /* baseObject */ = {
			isa = PBXGroup;
			children = (
				003B5E082523083900838F02 /* JBaseDataModel.swift */,
				007DCFBF254C0D0C00694F59 /* JBaseInterfaceManager.swift */,
				007DCFC2254C0D1700694F59 /* JTableDataArrModel.swift */,
			);
			path = baseObject;
			sourceTree = "<group>";
		};
		003B5E0B252310B100838F02 /* utility */ = {
			isa = PBXGroup;
			children = (
				003B5E0C252310C100838F02 /* JAppUtility.swift */,
				00EA79FA2531B609008DECA9 /* JAppViewTools.swift */,
				00EA79FD2531B62B008DECA9 /* JAppViewExtend.swift */,
			);
			path = utility;
			sourceTree = "<group>";
		};
		003C8C932556C0F400B44812 /* cell */ = {
			isa = PBXGroup;
			children = (
				003C8C942556C10500B44812 /* JMainPhotoPickerCell.swift */,
				003C8CA72556C25100B44812 /* JPhotoPickerCell.swift */,
				003C8CA42556C1BD00B44812 /* JPhotosPreviewsCell.swift */,
			);
			path = cell;
			sourceTree = "<group>";
		};
		003C8C982556C12300B44812 /* interface */ = {
			isa = PBXGroup;
			children = (
				003C8CAA2556C31E00B44812 /* JPhotoPickerModel.swift */,
				003C8C992556C13000B44812 /* JPhotoPickerInterface.swift */,
			);
			path = interface;
			sourceTree = "<group>";
		};
		004EC28A2553871100FD8385 /* crypt */ = {
			isa = PBXGroup;
			children = (
				004EC28B2553871100FD8385 /* JCryptHelp.swift */,
			);
			path = crypt;
			sourceTree = "<group>";
		};
		004EC3392553CB2500FD8385 /* STXImageCache */ = {
			isa = PBXGroup;
			children = (
				004EC33E2553CB2500FD8385 /* ImageDownloader.swift */,
				004EC3432553CB2500FD8385 /* MemoryProvider.swift */,
				004EC33F2553CB2500FD8385 /* NetworkProvider.swift */,
				004EC3412553CB2500FD8385 /* Providing.swift */,
				004EC33C2553CB2500FD8385 /* StorageProvider.swift */,
				004EC3452553CB2500FD8385 /* STXCacheManager.swift */,
				004EC3492553CB2500FD8385 /* STXDiskCacheConfig.swift */,
				004EC33D2553CB2500FD8385 /* STXImageCache.swift */,
				004EC33B2553CB2500FD8385 /* STXImageCache+ImageViewExtensions.swift */,
				004EC3472553CB2500FD8385 /* STXImageCache+UIButtonExtensions.swift */,
				004EC3402553CB2500FD8385 /* STXImageOperation.swift */,
				004EC3462553CB2500FD8385 /* STXMemoryCacheConfig.swift */,
				004EC3482553CB2500FD8385 /* Task.swift */,
				004EC33A2553CB2500FD8385 /* ThreadsManager.swift */,
				004EC3442553CB2500FD8385 /* Typealiases.swift */,
			);
			path = STXImageCache;
			sourceTree = "<group>";
		};
		004EC35E2553DE7400FD8385 /* photo */ = {
			isa = PBXGroup;
			children = (
				00783A22255BAFA40011EA3D /* Images */,
				004EC35F2553DE8400FD8385 /* JMainPhotoPickerVC.swift */,
				003C8C9D2556C16D00B44812 /* JPhotoPickerVC.swift */,
				003C8CA12556C19100B44812 /* JPhotosPreviewsVC.swift */,
				003C8C982556C12300B44812 /* interface */,
				003C8C932556C0F400B44812 /* cell */,
			);
			path = photo;
			sourceTree = "<group>";
		};
		0076777425528C2800C226A2 /* segmentControl */ = {
			isa = PBXGroup;
			children = (
				007677792552A22700C226A2 /* segment_bg_icon@2x.png */,
				0076777A2552A22700C226A2 /* segment_selectbg_icon@2x.png */,
				0076777525528C3D00C226A2 /* JSegmentedControl.swift */,
			);
			path = segmentControl;
			sourceTree = "<group>";
		};
		00783A22255BAFA40011EA3D /* Images */ = {
			isa = PBXGroup;
			children = (
				00783A24255BAFA40011EA3D /* MMVideoPreviewPlay@2x.png */,
				00783A26255BAFA40011EA3D /* photo_def_photoPickerVc@2x.png */,
				00783A27255BAFA40011EA3D /* photo_original_def@2x.png */,
				00783A25255BAFA40011EA3D /* photo_original_sel@2x.png */,
				00783A23255BAFA40011EA3D /* photo_sel_photoPickerVc@2x.png */,
				00783A28255BAFA40011EA3D /* VideoSendIcon@2x.png */,
			);
			name = Images;
			path = ../../../../DevelopArchitecture/DevelopArchitecture/threeclass/photo/Images;
			sourceTree = "<group>";
		};
		007D641625246F91004C7FCE /* baseVC */ = {
			isa = PBXGroup;
			children = (
				007D641725246FAC004C7FCE /* JBaseViewController.swift */,
				007DCFB0254C0CC200694F59 /* JBaseCollectionVC.swift */,
				007DCFB3254C0CCE00694F59 /* JBaseImageViewVC.swift */,
				007DCFB6254C0CD900694F59 /* JBaseNavigationVC.swift */,
				007DCFB9254C0CE400694F59 /* JBasePoperVC.swift */,
				007DCFBC254C0CF200694F59 /* JBaseTableViewVC.swift */,
			);
			path = baseVC;
			sourceTree = "<group>";
		};
		007D641B25246FB2004C7FCE /* baseView */ = {
			isa = PBXGroup;
			children = (
				007D641D25246FC7004C7FCE /* JBaseView.swift */,
				007DCFAA254C0C4300694F59 /* JBaseTableViewCell.swift */,
				007DCFA7254C0C2700694F59 /* JBaseCollectionViewCell.swift */,
				007DCFAD254C0C5B00694F59 /* JCollectionViewFlowLayout.swift */,
				004EC3632553E3F600FD8385 /* JBaseTransition.swift */,
			);
			path = baseView;
			sourceTree = "<group>";
		};
		007DCF8A254BB6C500694F59 /* progressHUD */ = {
			isa = PBXGroup;
			children = (
				007DCF8B254BB6E000694F59 /* JProgressHUD.swift */,
				007DCF8F254BB72D00694F59 /* reloadProgress_center@3x.png */,
				007DCF90254BB72D00694F59 /* reloadProgress_route@3x.png */,
			);
			path = progressHUD;
			sourceTree = "<group>";
		};
		007DCFC5254C0D2E00694F59 /* whenTapped */ = {
			isa = PBXGroup;
			children = (
				007DCFC6254C0D3D00694F59 /* JWhenTappedView.swift */,
			);
			path = whenTapped;
			sourceTree = "<group>";
		};
		007F657A255240B300194FD6 /* refreshView */ = {
			isa = PBXGroup;
			children = (
				007F657F255240D800194FD6 /* reloading_fresh@2x.png */,
				007F657B255240CC00194FD6 /* JRefreshView.swift */,
			);
			path = refreshView;
			sourceTree = "<group>";
		};
		00EB3AAE255D015B00CB6E5B /* qrcode */ = {
			isa = PBXGroup;
			children = (
				00EB3AB0255D01AC00CB6E5B /* JQRScanCodeVC.swift */,
				00EB3AB3255D01D000CB6E5B /* JQRCodeTool.swift */,
				00EB3ACA255D29F900CB6E5B /* ZR_ScanFrame@3x.png */,
				00EB3AC9255D29F900CB6E5B /* ZR_ScanLine@3x.png */,
			);
			path = qrcode;
			sourceTree = "<group>";
		};
		00EB3ACE255D3D0D00CB6E5B /* iphone */ = {
			isa = PBXGroup;
			children = (
			);
			path = iphone;
			sourceTree = "<group>";
		};
		00EB3ACF255D3D1600CB6E5B /* ipad */ = {
			isa = PBXGroup;
			children = (
			);
			path = ipad;
			sourceTree = "<group>";
		};
		00EB3AD0255D3D2000CB6E5B /* mac */ = {
			isa = PBXGroup;
			children = (
			);
			path = mac;
			sourceTree = "<group>";
		};
		00EBCA9A25527EFB009FD233 /* TipInfo */ = {
			isa = PBXGroup;
			children = (
				007677712552807F00C226A2 /* JMoreTipView.swift */,
			);
			path = TipInfo;
			sourceTree = "<group>";
		};
		00EFADCD251ED32800EB1B60 = {
			isa = PBXGroup;
			children = (
				00EFADD8251ED32800EB1B60 /* DeveloperArchitecture */,
				00EFADD7251ED32800EB1B60 /* Products */,
			);
			sourceTree = "<group>";
		};
		00EFADD7251ED32800EB1B60 /* Products */ = {
			isa = PBXGroup;
			children = (
				00EFADD6251ED32800EB1B60 /* DeveloperArchitecture.app */,
			);
			name = Products;
			sourceTree = "<group>";
		};
		00EFADD8251ED32800EB1B60 /* DeveloperArchitecture */ = {
			isa = PBXGroup;
			children = (
				00EFADED251ED34D00EB1B60 /* architecture */,
				00EB3ACE255D3D0D00CB6E5B /* iphone */,
				00EB3ACF255D3D1600CB6E5B /* ipad */,
				00EB3AD0255D3D2000CB6E5B /* mac */,
				00EFADFC251ED4A600EB1B60 /* threeclass */,
				00EFADFD251ED4BD00EB1B60 /* Supporting */,
			);
			path = DeveloperArchitecture;
			sourceTree = "<group>";
		};
		00EFADED251ED34D00EB1B60 /* architecture */ = {
			isa = PBXGroup;
			children = (
				007D641B25246FB2004C7FCE /* baseView */,
				007D641625246F91004C7FCE /* baseVC */,
				003B5E072523082200838F02 /* baseObject */,
				003B5DFA252303C400838F02 /* loginitem */,
				00EFADEE251ED35D00EB1B60 /* appdelegate */,
				00EFADF5251ED38100EB1B60 /* config */,
				00EFADFA251ED3A500EB1B60 /* JMainViewController.swift */,
			);
			path = architecture;
			sourceTree = "<group>";
		};
		00EFADEE251ED35D00EB1B60 /* appdelegate */ = {
			isa = PBXGroup;
			children = (
				00EFADD9251ED32800EB1B60 /* AppDelegate.swift */,
				00EFADF0251ED36B00EB1B60 /* AppDelegate+Config.swift */,
				00EFADF1251ED36B00EB1B60 /* AppDelegate+Notifaction.swift */,
				00EFADEF251ED36A00EB1B60 /* SceneDelegate.swift */,
			);
			path = appdelegate;
			sourceTree = "<group>";
		};
		00EFADF5251ED38100EB1B60 /* config */ = {
			isa = PBXGroup;
			children = (
				00EFADF6251ED38100EB1B60 /* JConstantHelp.swift */,
				00EFADF7251ED38100EB1B60 /* JBuildConfig.swift */,
			);
			path = config;
			sourceTree = "<group>";
		};
		00EFADFC251ED4A600EB1B60 /* threeclass */ = {
			isa = PBXGroup;
			children = (
				00EB3AAE255D015B00CB6E5B /* qrcode */,
				004EC35E2553DE7400FD8385 /* photo */,
				004EC28A2553871100FD8385 /* crypt */,
				0076777425528C2800C226A2 /* segmentControl */,
				00EBCA9A25527EFB009FD233 /* TipInfo */,
				007F657A255240B300194FD6 /* refreshView */,
				007DCFC5254C0D2E00694F59 /* whenTapped */,
				007DCF8A254BB6C500694F59 /* progressHUD */,
				003B5E0B252310B100838F02 /* utility */,
				003B5DF22523022700838F02 /* coreDate */,
				00EFADFE251ED4EE00EB1B60 /* http */,
				004EC3392553CB2500FD8385 /* STXImageCache */,
			);
			path = threeclass;
			sourceTree = "<group>";
		};
		00EFADFD251ED4BD00EB1B60 /* Supporting */ = {
			isa = PBXGroup;
			children = (
				003C8C9125563D4D00B44812 /* Podfile */,
				003B5DF62523038200838F02 /* DatasaseModel.xcdatamodeld */,
				00EFADDF251ED32800EB1B60 /* Main.storyboard */,
				00EFADE2251ED32B00EB1B60 /* Assets.xcassets */,
				00EFADE4251ED32B00EB1B60 /* LaunchScreen.storyboard */,
				00EFADE7251ED32B00EB1B60 /* Info.plist */,
				00EF74E92549704100194F0B /* config.plist */,
			);
			path = Supporting;
			sourceTree = "<group>";
		};
		00EFADFE251ED4EE00EB1B60 /* http */ = {
			isa = PBXGroup;
			children = (
				00EFADFF251ED4F500EB1B60 /* Reachability.swift */,
				00EBA965254E661D00728657 /* JHttpReqHelp.swift */,
				0086133F255037D400183E12 /* JHttpReqHelp+Model.swift */,
			);
			path = http;
			sourceTree = "<group>";
		};
/* End PBXGroup section */

/* Begin PBXNativeTarget section */
		00EFADD5251ED32800EB1B60 /* DeveloperArchitecture */ = {
			isa = PBXNativeTarget;
			buildConfigurationList = 00EFADEA251ED32B00EB1B60 /* Build configuration list for PBXNativeTarget "DeveloperArchitecture" */;
			buildPhases = (
				00EFADD2251ED32800EB1B60 /* Sources */,
				00EFADD3251ED32800EB1B60 /* Frameworks */,
				00EFADD4251ED32800EB1B60 /* Resources */,
			);
			buildRules = (
			);
			dependencies = (
			);
			name = DeveloperArchitecture;
			productName = DeveloperArchitecture;
			productReference = 00EFADD6251ED32800EB1B60 /* DeveloperArchitecture.app */;
			productType = "com.apple.product-type.application";
		};
/* End PBXNativeTarget section */

/* Begin PBXProject section */
		00EFADCE251ED32800EB1B60 /* Project object */ = {
			isa = PBXProject;
			attributes = {
				LastSwiftUpdateCheck = 1160;
				LastUpgradeCheck = 1200;
				ORGANIZATIONNAME = Jeffery;
				TargetAttributes = {
					00EFADD5251ED32800EB1B60 = {
						CreatedOnToolsVersion = 11.6;
					};
				};
			};
			buildConfigurationList = 00EFADD1251ED32800EB1B60 /* Build configuration list for PBXProject "DeveloperArchitecture" */;
			compatibilityVersion = "Xcode 9.3";
			developmentRegion = en;
			hasScannedForEncodings = 0;
			knownRegions = (
				en,
				Base,
			);
			mainGroup = 00EFADCD251ED32800EB1B60;
			productRefGroup = 00EFADD7251ED32800EB1B60 /* Products */;
			projectDirPath = "";
			projectRoot = "";
			targets = (
				00EFADD5251ED32800EB1B60 /* DeveloperArchitecture */,
			);
		};
/* End PBXProject section */

/* Begin PBXResourcesBuildPhase section */
		00EFADD4251ED32800EB1B60 /* Resources */ = {
			isa = PBXResourcesBuildPhase;
			buildActionMask = 2147483647;
			files = (
				00EB3ACC255D29F900CB6E5B /* ZR_ScanFrame@3x.png in Resources */,
				00783A29255BAFA40011EA3D /* photo_sel_photoPickerVc@2x.png in Resources */,
				0076777C2552A22700C226A2 /* segment_selectbg_icon@2x.png in Resources */,
				00EF74EA2549704100194F0B /* config.plist in Resources */,
				007DCF92254BB72D00694F59 /* reloadProgress_route@3x.png in Resources */,
				007F6580255240D800194FD6 /* reloading_fresh@2x.png in Resources */,
				00783A2C255BAFA40011EA3D /* photo_def_photoPickerVc@2x.png in Resources */,
				00EFADE6251ED32B00EB1B60 /* LaunchScreen.storyboard in Resources */,
				00EFADE3251ED32B00EB1B60 /* Assets.xcassets in Resources */,
				00EB3ACB255D29F900CB6E5B /* ZR_ScanLine@3x.png in Resources */,
				00783A2B255BAFA40011EA3D /* photo_original_sel@2x.png in Resources */,
				00EFADE1251ED32800EB1B60 /* Main.storyboard in Resources */,
				00783A2E255BAFA40011EA3D /* VideoSendIcon@2x.png in Resources */,
				00783A2A255BAFA40011EA3D /* MMVideoPreviewPlay@2x.png in Resources */,
				0076777B2552A22700C226A2 /* segment_bg_icon@2x.png in Resources */,
				00783A2D255BAFA40011EA3D /* photo_original_def@2x.png in Resources */,
				007DCF91254BB72D00694F59 /* reloadProgress_center@3x.png in Resources */,
			);
			runOnlyForDeploymentPostprocessing = 0;
		};
/* End PBXResourcesBuildPhase section */

/* Begin PBXSourcesBuildPhase section */
		00EFADD2251ED32800EB1B60 /* Sources */ = {
			isa = PBXSourcesBuildPhase;
			buildActionMask = 2147483647;
			files = (
				00861340255037D400183E12 /* JHttpReqHelp+Model.swift in Sources */,
				007F657C255240CC00194FD6 /* JRefreshView.swift in Sources */,
				007DCFBA254C0CE400694F59 /* JBasePoperVC.swift in Sources */,
				004EC3592553CB2500FD8385 /* STXDiskCacheConfig.swift in Sources */,
				004EC3552553CB2500FD8385 /* STXCacheManager.swift in Sources */,
				007DCFB7254C0CDA00694F59 /* JBaseNavigationVC.swift in Sources */,
				00EFADF3251ED36B00EB1B60 /* AppDelegate+Config.swift in Sources */,
				00EFADF8251ED38100EB1B60 /* JConstantHelp.swift in Sources */,
				004EC34D2553CB2500FD8385 /* STXImageCache.swift in Sources */,
				00EFADDA251ED32800EB1B60 /* AppDelegate.swift in Sources */,
				007DCFC3254C0D1700694F59 /* JTableDataArrModel.swift in Sources */,
				003C8CA82556C25100B44812 /* JPhotoPickerCell.swift in Sources */,
				00EB3AB1255D01AC00CB6E5B /* JQRScanCodeVC.swift in Sources */,
				004EC3572553CB2500FD8385 /* STXImageCache+UIButtonExtensions.swift in Sources */,
				004EC3582553CB2500FD8385 /* Task.swift in Sources */,
				00EBA966254E661D00728657 /* JHttpReqHelp.swift in Sources */,
				0076777625528C3D00C226A2 /* JSegmentedControl.swift in Sources */,
				004EC34F2553CB2500FD8385 /* NetworkProvider.swift in Sources */,
				004EC3602553DE8400FD8385 /* JMainPhotoPickerVC.swift in Sources */,
				00EB3AB4255D01D000CB6E5B /* JQRCodeTool.swift in Sources */,
				007DCFAB254C0C4300694F59 /* JBaseTableViewCell.swift in Sources */,
				004EC3532553CB2500FD8385 /* MemoryProvider.swift in Sources */,
				004EC3502553CB2500FD8385 /* STXImageOperation.swift in Sources */,
				003B5E092523083900838F02 /* JBaseDataModel.swift in Sources */,
				007D641E25246FC7004C7FCE /* JBaseView.swift in Sources */,
				00EA79FB2531B609008DECA9 /* JAppViewTools.swift in Sources */,
				003C8CA52556C1BD00B44812 /* JPhotosPreviewsCell.swift in Sources */,
				004EC34C2553CB2500FD8385 /* StorageProvider.swift in Sources */,
				004EC3642553E3F600FD8385 /* JBaseTransition.swift in Sources */,
				00EFADFB251ED3A600EB1B60 /* JMainViewController.swift in Sources */,
				003B5DFC2523041F00838F02 /* JLoginUserMessage.swift in Sources */,
				004EC3562553CB2500FD8385 /* STXMemoryCacheConfig.swift in Sources */,
				007677722552807F00C226A2 /* JMoreTipView.swift in Sources */,
				004EC34A2553CB2500FD8385 /* ThreadsManager.swift in Sources */,
				004EC34B2553CB2500FD8385 /* STXImageCache+ImageViewExtensions.swift in Sources */,
				003C8CAB2556C31E00B44812 /* JPhotoPickerModel.swift in Sources */,
				00EFADF9251ED38100EB1B60 /* JBuildConfig.swift in Sources */,
				003C8C952556C10500B44812 /* JMainPhotoPickerCell.swift in Sources */,
				004EC3542553CB2500FD8385 /* Typealiases.swift in Sources */,
				007DCF8C254BB6E000694F59 /* JProgressHUD.swift in Sources */,
				003B5E0D252310C100838F02 /* JAppUtility.swift in Sources */,
				003C8C9E2556C16D00B44812 /* JPhotoPickerVC.swift in Sources */,
				004EC3512553CB2500FD8385 /* Providing.swift in Sources */,
				007DCFAE254C0C5B00694F59 /* JCollectionViewFlowLayout.swift in Sources */,
				007DCFB4254C0CCE00694F59 /* JBaseImageViewVC.swift in Sources */,
				004EC34E2553CB2500FD8385 /* ImageDownloader.swift in Sources */,
				00EFADF2251ED36B00EB1B60 /* SceneDelegate.swift in Sources */,
				007DCFB1254C0CC200694F59 /* JBaseCollectionVC.swift in Sources */,
				007DCFC0254C0D0C00694F59 /* JBaseInterfaceManager.swift in Sources */,
				00EFAE00251ED4F500EB1B60 /* Reachability.swift in Sources */,
				003B5DF82523038200838F02 /* DatasaseModel.xcdatamodeld in Sources */,
				003B5DF42523022F00838F02 /* JCoreDataManager.swift in Sources */,
				00EA79FE2531B62B008DECA9 /* JAppViewExtend.swift in Sources */,
				007DCFBD254C0CF200694F59 /* JBaseTableViewVC.swift in Sources */,
				007DCFC7254C0D3D00694F59 /* JWhenTappedView.swift in Sources */,
				004EC28C2553871100FD8385 /* JCryptHelp.swift in Sources */,
				007D641825246FAC004C7FCE /* JBaseViewController.swift in Sources */,
				003C8C9A2556C13000B44812 /* JPhotoPickerInterface.swift in Sources */,
				007DCFA8254C0C2700694F59 /* JBaseCollectionViewCell.swift in Sources */,
				00EFADF4251ED36B00EB1B60 /* AppDelegate+Notifaction.swift in Sources */,
				003C8CA22556C19100B44812 /* JPhotosPreviewsVC.swift in Sources */,
			);
			runOnlyForDeploymentPostprocessing = 0;
		};
/* End PBXSourcesBuildPhase section */

/* Begin PBXVariantGroup section */
		00EFADDF251ED32800EB1B60 /* Main.storyboard */ = {
			isa = PBXVariantGroup;
			children = (
				00EFADE0251ED32800EB1B60 /* Base */,
			);
			name = Main.storyboard;
			sourceTree = "<group>";
		};
		00EFADE4251ED32B00EB1B60 /* LaunchScreen.storyboard */ = {
			isa = PBXVariantGroup;
			children = (
				00EFADE5251ED32B00EB1B60 /* Base */,
			);
			name = LaunchScreen.storyboard;
			sourceTree = "<group>";
		};
/* End PBXVariantGroup section */

/* Begin XCBuildConfiguration section */
		00EFADE8251ED32B00EB1B60 /* Debug */ = {
			isa = XCBuildConfiguration;
			buildSettings = {
				ALWAYS_SEARCH_USER_PATHS = NO;
				CLANG_ANALYZER_NONNULL = YES;
				CLANG_ANALYZER_NUMBER_OBJECT_CONVERSION = YES_AGGRESSIVE;
				CLANG_CXX_LANGUAGE_STANDARD = "gnu++14";
				CLANG_CXX_LIBRARY = "libc++";
				CLANG_ENABLE_MODULES = YES;
				CLANG_ENABLE_OBJC_ARC = YES;
				CLANG_ENABLE_OBJC_WEAK = YES;
				CLANG_WARN_BLOCK_CAPTURE_AUTORELEASING = YES;
				CLANG_WARN_BOOL_CONVERSION = YES;
				CLANG_WARN_COMMA = YES;
				CLANG_WARN_CONSTANT_CONVERSION = YES;
				CLANG_WARN_DEPRECATED_OBJC_IMPLEMENTATIONS = YES;
				CLANG_WARN_DIRECT_OBJC_ISA_USAGE = YES_ERROR;
				CLANG_WARN_DOCUMENTATION_COMMENTS = YES;
				CLANG_WARN_EMPTY_BODY = YES;
				CLANG_WARN_ENUM_CONVERSION = YES;
				CLANG_WARN_INFINITE_RECURSION = YES;
				CLANG_WARN_INT_CONVERSION = YES;
				CLANG_WARN_NON_LITERAL_NULL_CONVERSION = YES;
				CLANG_WARN_OBJC_IMPLICIT_RETAIN_SELF = YES;
				CLANG_WARN_OBJC_LITERAL_CONVERSION = YES;
				CLANG_WARN_OBJC_ROOT_CLASS = YES_ERROR;
				CLANG_WARN_QUOTED_INCLUDE_IN_FRAMEWORK_HEADER = YES;
				CLANG_WARN_RANGE_LOOP_ANALYSIS = YES;
				CLANG_WARN_STRICT_PROTOTYPES = YES;
				CLANG_WARN_SUSPICIOUS_MOVE = YES;
				CLANG_WARN_UNGUARDED_AVAILABILITY = YES_AGGRESSIVE;
				CLANG_WARN_UNREACHABLE_CODE = YES;
				CLANG_WARN__DUPLICATE_METHOD_MATCH = YES;
				COPY_PHASE_STRIP = NO;
				DEBUG_INFORMATION_FORMAT = dwarf;
				ENABLE_STRICT_OBJC_MSGSEND = YES;
				ENABLE_TESTABILITY = YES;
				GCC_C_LANGUAGE_STANDARD = gnu11;
				GCC_DYNAMIC_NO_PIC = NO;
				GCC_NO_COMMON_BLOCKS = YES;
				GCC_OPTIMIZATION_LEVEL = 0;
				GCC_PREPROCESSOR_DEFINITIONS = (
					"DEBUG=1",
					"$(inherited)",
				);
				GCC_WARN_64_TO_32_BIT_CONVERSION = YES;
				GCC_WARN_ABOUT_RETURN_TYPE = YES_ERROR;
				GCC_WARN_UNDECLARED_SELECTOR = YES;
				GCC_WARN_UNINITIALIZED_AUTOS = YES_AGGRESSIVE;
				GCC_WARN_UNUSED_FUNCTION = YES;
				GCC_WARN_UNUSED_VARIABLE = YES;
				IPHONEOS_DEPLOYMENT_TARGET = 13.6;
				MTL_ENABLE_DEBUG_INFO = INCLUDE_SOURCE;
				MTL_FAST_MATH = YES;
				ONLY_ACTIVE_ARCH = YES;
				SDKROOT = iphoneos;
				SWIFT_ACTIVE_COMPILATION_CONDITIONS = DEBUG;
				SWIFT_OPTIMIZATION_LEVEL = "-Onone";
			};
			name = Debug;
		};
		00EFADE9251ED32B00EB1B60 /* Release */ = {
			isa = XCBuildConfiguration;
			buildSettings = {
				ALWAYS_SEARCH_USER_PATHS = NO;
				CLANG_ANALYZER_NONNULL = YES;
				CLANG_ANALYZER_NUMBER_OBJECT_CONVERSION = YES_AGGRESSIVE;
				CLANG_CXX_LANGUAGE_STANDARD = "gnu++14";
				CLANG_CXX_LIBRARY = "libc++";
				CLANG_ENABLE_MODULES = YES;
				CLANG_ENABLE_OBJC_ARC = YES;
				CLANG_ENABLE_OBJC_WEAK = YES;
				CLANG_WARN_BLOCK_CAPTURE_AUTORELEASING = YES;
				CLANG_WARN_BOOL_CONVERSION = YES;
				CLANG_WARN_COMMA = YES;
				CLANG_WARN_CONSTANT_CONVERSION = YES;
				CLANG_WARN_DEPRECATED_OBJC_IMPLEMENTATIONS = YES;
				CLANG_WARN_DIRECT_OBJC_ISA_USAGE = YES_ERROR;
				CLANG_WARN_DOCUMENTATION_COMMENTS = YES;
				CLANG_WARN_EMPTY_BODY = YES;
				CLANG_WARN_ENUM_CONVERSION = YES;
				CLANG_WARN_INFINITE_RECURSION = YES;
				CLANG_WARN_INT_CONVERSION = YES;
				CLANG_WARN_NON_LITERAL_NULL_CONVERSION = YES;
				CLANG_WARN_OBJC_IMPLICIT_RETAIN_SELF = YES;
				CLANG_WARN_OBJC_LITERAL_CONVERSION = YES;
				CLANG_WARN_OBJC_ROOT_CLASS = YES_ERROR;
				CLANG_WARN_QUOTED_INCLUDE_IN_FRAMEWORK_HEADER = YES;
				CLANG_WARN_RANGE_LOOP_ANALYSIS = YES;
				CLANG_WARN_STRICT_PROTOTYPES = YES;
				CLANG_WARN_SUSPICIOUS_MOVE = YES;
				CLANG_WARN_UNGUARDED_AVAILABILITY = YES_AGGRESSIVE;
				CLANG_WARN_UNREACHABLE_CODE = YES;
				CLANG_WARN__DUPLICATE_METHOD_MATCH = YES;
				COPY_PHASE_STRIP = NO;
				DEBUG_INFORMATION_FORMAT = "dwarf-with-dsym";
				ENABLE_NS_ASSERTIONS = NO;
				ENABLE_STRICT_OBJC_MSGSEND = YES;
				GCC_C_LANGUAGE_STANDARD = gnu11;
				GCC_NO_COMMON_BLOCKS = YES;
				GCC_WARN_64_TO_32_BIT_CONVERSION = YES;
				GCC_WARN_ABOUT_RETURN_TYPE = YES_ERROR;
				GCC_WARN_UNDECLARED_SELECTOR = YES;
				GCC_WARN_UNINITIALIZED_AUTOS = YES_AGGRESSIVE;
				GCC_WARN_UNUSED_FUNCTION = YES;
				GCC_WARN_UNUSED_VARIABLE = YES;
				IPHONEOS_DEPLOYMENT_TARGET = 13.6;
				MTL_ENABLE_DEBUG_INFO = NO;
				MTL_FAST_MATH = YES;
				SDKROOT = iphoneos;
				SWIFT_COMPILATION_MODE = wholemodule;
				SWIFT_OPTIMIZATION_LEVEL = "-O";
				VALIDATE_PRODUCT = YES;
			};
			name = Release;
		};
		00EFADEB251ED32B00EB1B60 /* Debug */ = {
			isa = XCBuildConfiguration;
			buildSettings = {
				ASSETCATALOG_COMPILER_APPICON_NAME = AppIcon;
				CODE_SIGN_STYLE = Automatic;
				DEVELOPMENT_TEAM = A5HCW49N44;
				INFOPLIST_FILE = DeveloperArchitecture/Supporting/Info.plist;
				IPHONEOS_DEPLOYMENT_TARGET = 12.0;
				LD_RUNPATH_SEARCH_PATHS = (
					"$(inherited)",
					"@executable_path/Frameworks",
				);
				PRODUCT_BUNDLE_IDENTIFIER = com.mizholdings.ZhiJiaoCloud;
				PRODUCT_NAME = "$(TARGET_NAME)";
				SWIFT_VERSION = 5.0;
				TARGETED_DEVICE_FAMILY = "1,2";
			};
			name = Debug;
		};
		00EFADEC251ED32B00EB1B60 /* Release */ = {
			isa = XCBuildConfiguration;
			buildSettings = {
				ASSETCATALOG_COMPILER_APPICON_NAME = AppIcon;
				CODE_SIGN_STYLE = Automatic;
				DEVELOPMENT_TEAM = A5HCW49N44;
				INFOPLIST_FILE = DeveloperArchitecture/Supporting/Info.plist;
				IPHONEOS_DEPLOYMENT_TARGET = 12.0;
				LD_RUNPATH_SEARCH_PATHS = (
					"$(inherited)",
					"@executable_path/Frameworks",
				);
				PRODUCT_BUNDLE_IDENTIFIER = com.mizholdings.ZhiJiaoCloud;
				PRODUCT_NAME = "$(TARGET_NAME)";
				SWIFT_VERSION = 5.0;
				TARGETED_DEVICE_FAMILY = "1,2";
			};
			name = Release;
		};
/* End XCBuildConfiguration section */

/* Begin XCConfigurationList section */
		00EFADD1251ED32800EB1B60 /* Build configuration list for PBXProject "DeveloperArchitecture" */ = {
			isa = XCConfigurationList;
			buildConfigurations = (
				00EFADE8251ED32B00EB1B60 /* Debug */,
				00EFADE9251ED32B00EB1B60 /* Release */,
			);
			defaultConfigurationIsVisible = 0;
			defaultConfigurationName = Release;
		};
		00EFADEA251ED32B00EB1B60 /* Build configuration list for PBXNativeTarget "DeveloperArchitecture" */ = {
			isa = XCConfigurationList;
			buildConfigurations = (
				00EFADEB251ED32B00EB1B60 /* Debug */,
				00EFADEC251ED32B00EB1B60 /* Release */,
			);
			defaultConfigurationIsVisible = 0;
			defaultConfigurationName = Release;
		};
/* End XCConfigurationList section */

/* Begin XCVersionGroup section */
		003B5DF62523038200838F02 /* DatasaseModel.xcdatamodeld */ = {
			isa = XCVersionGroup;
			children = (
				003B5DF72523038200838F02 /* DatasaseModel.xcdatamodel */,
			);
			currentVersion = 003B5DF72523038200838F02 /* DatasaseModel.xcdatamodel */;
			path = DatasaseModel.xcdatamodeld;
			sourceTree = "<group>";
			versionGroupType = wrapper.xcdatamodel;
		};
/* End XCVersionGroup section */
	};
	rootObject = 00EFADCE251ED32800EB1B60 /* Project object */;
}
